
Microsoft Visual Studio Solution File, Format Version 12.00
# Visual Studio 15
VisualStudioVersion = 15.0.28010.2036
MinimumVisualStudioVersion = 10.0.40219.1
Project("{FAE04EC0-301F-11D3-BF4B-00C04F79EFBC}") = "SalesWebMvc", "SalesWebMvc\SalesWebMvc.csproj", "{3CB06FB2-7CC4-46CC-8ACF-4CC9EC92DE77}"
EndProject
Global
	GlobalSection(SolutionConfigurationPlatforms) = preSolution
		Debug|Any CPU = Debug|Any CPU
		Release|Any CPU = Release|Any CPU
	EndGlobalSection
	GlobalSection(ProjectConfigurationPlatforms) = postSolution
		{3CB06FB2-7CC4-46CC-8ACF-4CC9EC92DE77}.Debug|Any CPU.ActiveCfg = Debug|Any CPU
		{3CB06FB2-7CC4-46CC-8ACF-4CC9EC92DE77}.Debug|Any CPU.Build.0 = Debug|Any CPU
		{3CB06FB2-7CC4-46CC-8ACF-4CC9EC92DE77}.Release|Any CPU.ActiveCfg = Release|Any CPU
		{3CB06FB2-7CC4-46CC-8ACF-4CC9EC92DE77}.Release|Any CPU.Build.0 = Release|Any CPU
	EndGlobalSection
	GlobalSection(SolutionProperties) = preSolution
		HideSolutionNode = FALSE
	EndGlobalSection
	GlobalSection(ExtensibilityGlobals) = postSolution
		SolutionGuid = {504E33A0-406A-4396-8855-B51B0AB0543C}
	EndGlobalSection
EndGlobal
